
Microsoft Visual Studio Solution File, Format Version 12.00
# Visual Studio Version 16
VisualStudioVersion = 16.0.29920.165
MinimumVisualStudioVersion = 10.0.40219.1
Project("{FAE04EC0-301F-11D3-BF4B-00C04F79EFBC}") = "TryCatchFinally", "TryCatchFinally.csproj", "{AAC05D05-3A79-4E64-9AE9-F1819A361C65}"
EndProject
Global
	GlobalSection(SolutionConfigurationPlatforms) = preSolution
		Debug|Any CPU = Debug|Any CPU
		Release|Any CPU = Release|Any CPU
	EndGlobalSection
	GlobalSection(ProjectConfigurationPlatforms) = postSolution
		{AAC05D05-3A79-4E64-9AE9-F1819A361C65}.Debug|Any CPU.ActiveCfg = Debug|Any CPU
		{AAC05D05-3A79-4E64-9AE9-F1819A361C65}.Debug|Any CPU.Build.0 = Debug|Any CPU
		{AAC05D05-3A79-4E64-9AE9-F1819A361C65}.Release|Any CPU.ActiveCfg = Release|Any CPU
		{AAC05D05-3A79-4E64-9AE9-F1819A361C65}.Release|Any CPU.Build.0 = Release|Any CPU
	EndGlobalSection
	GlobalSection(SolutionProperties) = preSolution
		HideSolutionNode = FALSE
	EndGlobalSection
	GlobalSection(ExtensibilityGlobals) = postSolution
		SolutionGuid = {74E06216-EB49-4A4E-8B57-F747EC4F4724}
	EndGlobalSection
EndGlobal
